
Microsoft Visual Studio Solution File, Format Version 12.00
# Visual Studio 14
VisualStudioVersion = 14.0.25123.0
MinimumVisualStudioVersion = 10.0.40219.1
Project("{FAE04EC0-301F-11D3-BF4B-00C04F79EFBC}") = "PayScale", "PayScale\PayScale.csproj", "{A7A35D32-4EB2-4C5F-8898-E0C25A6D0E44}"
EndProject
Project("{FAE04EC0-301F-11D3-BF4B-00C04F79EFBC}") = "PayScaleTest", "PayScaleTest\PayScaleTest.csproj", "{5417A5AC-9864-43D6-AB5B-02D45AA8CE0E}"
EndProject
Global
	GlobalSection(SolutionConfigurationPlatforms) = preSolution
		Debug|Any CPU = Debug|Any CPU
		Release|Any CPU = Release|Any CPU
	EndGlobalSection
	GlobalSection(ProjectConfigurationPlatforms) = postSolution
		{A7A35D32-4EB2-4C5F-8898-E0C25A6D0E44}.Debug|Any CPU.ActiveCfg = Debug|Any CPU
		{A7A35D32-4EB2-4C5F-8898-E0C25A6D0E44}.Debug|Any CPU.Build.0 = Debug|Any CPU
		{A7A35D32-4EB2-4C5F-8898-E0C25A6D0E44}.Release|Any CPU.ActiveCfg = Release|Any CPU
		{A7A35D32-4EB2-4C5F-8898-E0C25A6D0E44}.Release|Any CPU.Build.0 = Release|Any CPU
		{5417A5AC-9864-43D6-AB5B-02D45AA8CE0E}.Debug|Any CPU.ActiveCfg = Debug|Any CPU
		{5417A5AC-9864-43D6-AB5B-02D45AA8CE0E}.Debug|Any CPU.Build.0 = Debug|Any CPU
		{5417A5AC-9864-43D6-AB5B-02D45AA8CE0E}.Release|Any CPU.ActiveCfg = Release|Any CPU
		{5417A5AC-9864-43D6-AB5B-02D45AA8CE0E}.Release|Any CPU.Build.0 = Release|Any CPU
	EndGlobalSection
	GlobalSection(SolutionProperties) = preSolution
		HideSolutionNode = FALSE
	EndGlobalSection
EndGlobal
